
Microsoft Visual Studio Solution File, Format Version 12.00
# Visual Studio Version 17
VisualStudioVersion = 17.6.33829.357
MinimumVisualStudioVersion = 10.0.40219.1
Project("{8BC9CEB8-8B4A-11D0-8D11-00A0C91BC942}") = "SDVX-RPC", "SDVX-RPC\SDVX-RPC.vcxproj", "{5C39C2C5-6FD1-4CD0-BA46-68A71C1EFE57}"
EndProject
Project("{FAE04EC0-301F-11D3-BF4B-00C04F79EFBC}") = "TestingXML", "TestingXML\TestingXML.csproj", "{C7BF5DFB-A663-49E4-B697-7192D99C41B7}"
EndProject
Global
	GlobalSection(SolutionConfigurationPlatforms) = preSolution
		Debug|Any CPU = Debug|Any CPU
		Debug|x64 = Debug|x64
		Debug|x86 = Debug|x86
		Release|Any CPU = Release|Any CPU
		Release|x64 = Release|x64
		Release|x86 = Release|x86
	EndGlobalSection
	GlobalSection(ProjectConfigurationPlatforms) = postSolution
		{5C39C2C5-6FD1-4CD0-BA46-68A71C1EFE57}.Debug|Any CPU.ActiveCfg = Debug|x64
		{5C39C2C5-6FD1-4CD0-BA46-68A71C1EFE57}.Debug|Any CPU.Build.0 = Debug|x64
		{5C39C2C5-6FD1-4CD0-BA46-68A71C1EFE57}.Debug|x64.ActiveCfg = Debug|x64
		{5C39C2C5-6FD1-4CD0-BA46-68A71C1EFE57}.Debug|x64.Build.0 = Debug|x64
		{5C39C2C5-6FD1-4CD0-BA46-68A71C1EFE57}.Debug|x86.ActiveCfg = Debug|Win32
		{5C39C2C5-6FD1-4CD0-BA46-68A71C1EFE57}.Debug|x86.Build.0 = Debug|Win32
		{5C39C2C5-6FD1-4CD0-BA46-68A71C1EFE57}.Release|Any CPU.ActiveCfg = Release|x64
		{5C39C2C5-6FD1-4CD0-BA46-68A71C1EFE57}.Release|Any CPU.Build.0 = Release|x64
		{5C39C2C5-6FD1-4CD0-BA46-68A71C1EFE57}.Release|x64.ActiveCfg = Release|x64
		{5C39C2C5-6FD1-4CD0-BA46-68A71C1EFE57}.Release|x64.Build.0 = Release|x64
		{5C39C2C5-6FD1-4CD0-BA46-68A71C1EFE57}.Release|x86.ActiveCfg = Release|Win32
		{5C39C2C5-6FD1-4CD0-BA46-68A71C1EFE57}.Release|x86.Build.0 = Release|Win32
		{C7BF5DFB-A663-49E4-B697-7192D99C41B7}.Debug|Any CPU.ActiveCfg = Debug|Any CPU
		{C7BF5DFB-A663-49E4-B697-7192D99C41B7}.Debug|Any CPU.Build.0 = Debug|Any CPU
		{C7BF5DFB-A663-49E4-B697-7192D99C41B7}.Debug|x64.ActiveCfg = Debug|Any CPU
		{C7BF5DFB-A663-49E4-B697-7192D99C41B7}.Debug|x64.Build.0 = Debug|Any CPU
		{C7BF5DFB-A663-49E4-B697-7192D99C41B7}.Debug|x86.ActiveCfg = Debug|Any CPU
		{C7BF5DFB-A663-49E4-B697-7192D99C41B7}.Debug|x86.Build.0 = Debug|Any CPU
		{C7BF5DFB-A663-49E4-B697-7192D99C41B7}.Release|Any CPU.ActiveCfg = Release|Any CPU
		{C7BF5DFB-A663-49E4-B697-7192D99C41B7}.Release|Any CPU.Build.0 = Release|Any CPU
		{C7BF5DFB-A663-49E4-B697-7192D99C41B7}.Release|x64.ActiveCfg = Release|Any CPU
		{C7BF5DFB-A663-49E4-B697-7192D99C41B7}.Release|x64.Build.0 = Release|Any CPU
		{C7BF5DFB-A663-49E4-B697-7192D99C41B7}.Release|x86.ActiveCfg = Release|Any CPU
		{C7BF5DFB-A663-49E4-B697-7192D99C41B7}.Release|x86.Build.0 = Release|Any CPU
	EndGlobalSection
	GlobalSection(SolutionProperties) = preSolution
		HideSolutionNode = FALSE
	EndGlobalSection
	GlobalSection(ExtensibilityGlobals) = postSolution
		SolutionGuid = {5E450E4C-D5F5-4CFE-A1AF-8BAE860639E8}
	EndGlobalSection
EndGlobal
